// !$*UTF8*$!
{
 archiveVersion = 1; classes = {}; objectVersion = 56;
 objects = {
  EA532EB2A8409538582D252C = { isa = PBXFileReference; lastKnownFileType = "sourcecode.swift"; path = "RiseBake/AccountKeychain.swift"; sourceTree = "<group>"; };
  C099D538AA793777F9666BD6 = { isa = PBXBuildFile; fileRef = EA532EB2A8409538582D252C; };
  F550119BEE54388CEC3BC3E1 = { isa = PBXFileReference; lastKnownFileType = "sourcecode.swift"; path = "RiseBake/AccountStore.swift"; sourceTree = "<group>"; };
  F37BA9B3F0814A0B4FB43982 = { isa = PBXBuildFile; fileRef = F550119BEE54388CEC3BC3E1; };
  E69EDF8E4ECDF476C428342A = { isa = PBXFileReference; lastKnownFileType = "sourcecode.swift"; path = "RiseBake/AccountViews.swift"; sourceTree = "<group>"; };
  326F6252858A4E5FF7C7DD91 = { isa = PBXBuildFile; fileRef = E69EDF8E4ECDF476C428342A; };
  1AF4D8DFD4B92DB7BC265AB9 = { isa = PBXFileReference; lastKnownFileType = "sourcecode.swift"; path = "RiseBake/AppearanceViews.swift"; sourceTree = "<group>"; };
  28728E39596B04ED5FD51F25 = { isa = PBXBuildFile; fileRef = 1AF4D8DFD4B92DB7BC265AB9; };
  86271FD103AA7659FE278BE9 = { isa = PBXFileReference; lastKnownFileType = "sourcecode.swift"; path = "RiseBake/BakeNotifications.swift"; sourceTree = "<group>"; };
  6572B859AE26315230936056 = { isa = PBXBuildFile; fileRef = 86271FD103AA7659FE278BE9; };
  804428C2F808FA39DEFD12E8 = { isa = PBXFileReference; lastKnownFileType = "sourcecode.swift"; path = "RiseBake/BakeryProfileViews.swift"; sourceTree = "<group>"; };
  26A2780F0EE1978D3E983F40 = { isa = PBXBuildFile; fileRef = 804428C2F808FA39DEFD12E8; };
  14F5716216959BA1D014FDA9 = { isa = PBXFileReference; lastKnownFileType = "sourcecode.swift"; path = "RiseBake/BakeryStore.swift"; sourceTree = "<group>"; };
  DEAAA2C02626EE92DB2F397C = { isa = PBXBuildFile; fileRef = 14F5716216959BA1D014FDA9; };
  B72948ABC477D61A2389F11A = { isa = PBXFileReference; lastKnownFileType = "sourcecode.swift"; path = "RiseBake/BakingViews.swift"; sourceTree = "<group>"; };
  94A7A10D3C2940624D75BF64 = { isa = PBXBuildFile; fileRef = B72948ABC477D61A2389F11A; };
  9FF9074558FE94408600D84A = { isa = PBXFileReference; lastKnownFileType = "sourcecode.swift"; path = "RiseBake/CatalogViews.swift"; sourceTree = "<group>"; };
  A1561864905C6909C9A6E774 = { isa = PBXBuildFile; fileRef = 9FF9074558FE94408600D84A; };
  2DD41CF2DECE3C40EA69A56E = { isa = PBXFileReference; lastKnownFileType = "sourcecode.swift"; path = "RiseBake/CommunicationViews.swift"; sourceTree = "<group>"; };
  09D5304532BE046AE34A4E6C = { isa = PBXBuildFile; fileRef = 2DD41CF2DECE3C40EA69A56E; };
  7787BB57C8B32EA9D3F60198 = { isa = PBXFileReference; lastKnownFileType = "sourcecode.swift"; path = "RiseBake/CostingQA.swift"; sourceTree = "<group>"; };
  29592E99539F429E3C065E41 = { isa = PBXBuildFile; fileRef = 7787BB57C8B32EA9D3F60198; };
  4EDD1B583991B10FFE25672A = { isa = PBXFileReference; lastKnownFileType = "sourcecode.swift"; path = "RiseBake/CostingViews.swift"; sourceTree = "<group>"; };
  AB3F9ABF296A141ABBE8CFF3 = { isa = PBXBuildFile; fileRef = 4EDD1B583991B10FFE25672A; };
  E5C9708A507664D7E084AE4B = { isa = PBXFileReference; lastKnownFileType = "sourcecode.swift"; path = "RiseBake/CustomerViews.swift"; sourceTree = "<group>"; };
  49186335F4FFE3CC0EBA673D = { isa = PBXBuildFile; fileRef = E5C9708A507664D7E084AE4B; };
  8B80E18B4D0E69344ECBF32B = { isa = PBXFileReference; lastKnownFileType = "sourcecode.swift"; path = "RiseBake/MembershipStore.swift"; sourceTree = "<group>"; };
  ADFF0A3089A19D2E04FCC8C4 = { isa = PBXBuildFile; fileRef = 8B80E18B4D0E69344ECBF32B; };
  0404A2F41AD1FE28252ADCC7 = { isa = PBXFileReference; lastKnownFileType = "sourcecode.swift"; path = "RiseBake/MembershipViews.swift"; sourceTree = "<group>"; };
  056C66F5AC2D264626C03C68 = { isa = PBXBuildFile; fileRef = 0404A2F41AD1FE28252ADCC7; };
  EC962F55D5F4CFAB76E5C92D = { isa = PBXFileReference; lastKnownFileType = "sourcecode.swift"; path = "RiseBake/OrdersViews.swift"; sourceTree = "<group>"; };
  863132AB9EEC7C7A862CC74D = { isa = PBXBuildFile; fileRef = EC962F55D5F4CFAB76E5C92D; };
  8F69D8A74209B00761BD248F = { isa = PBXFileReference; lastKnownFileType = "sourcecode.swift"; path = "RiseBake/ProductionViews.swift"; sourceTree = "<group>"; };
  9E2CCA51F50164C9C1811D11 = { isa = PBXBuildFile; fileRef = 8F69D8A74209B00761BD248F; };
  90570443E246F9CFD7709A21 = { isa = PBXFileReference; lastKnownFileType = "sourcecode.swift"; path = "RiseBake/ReceiptPDF.swift"; sourceTree = "<group>"; };
  E568680452DA67337788699C = { isa = PBXBuildFile; fileRef = 90570443E246F9CFD7709A21; };
  BD1B4D2D37E5F044C2B5DE1B = { isa = PBXFileReference; lastKnownFileType = "sourcecode.swift"; path = "RiseBake/ReceiptQA.swift"; sourceTree = "<group>"; };
  76B5DBB641D6ABC124FCBB28 = { isa = PBXBuildFile; fileRef = BD1B4D2D37E5F044C2B5DE1B; };
  273488014BEA496075E4B2FD = { isa = PBXFileReference; lastKnownFileType = "sourcecode.swift"; path = "RiseBake/ReceiptViews.swift"; sourceTree = "<group>"; };
  C6B4665D5D275A6D5A0C11C8 = { isa = PBXBuildFile; fileRef = 273488014BEA496075E4B2FD; };
  8A3B27DF7919D39ECD206F27 = { isa = PBXFileReference; lastKnownFileType = "sourcecode.swift"; path = "RiseBake/RiseBakeApp.swift"; sourceTree = "<group>"; };
  E4FEA495AACC42D77B76B09A = { isa = PBXBuildFile; fileRef = 8A3B27DF7919D39ECD206F27; };
  88B2C888C4820940809F1FB5 = { isa = PBXFileReference; lastKnownFileType = "sourcecode.swift"; path = "RiseBake/SettingsViews.swift"; sourceTree = "<group>"; };
  F694396B55EEFFEFC9EF5456 = { isa = PBXBuildFile; fileRef = 88B2C888C4820940809F1FB5; };
  EF27FB2D732C6753D9297599 = { isa = PBXFileReference; lastKnownFileType = "sourcecode.swift"; path = "RiseBake/ShoppingViews.swift"; sourceTree = "<group>"; };
  B541D74BD940B064BE9E0063 = { isa = PBXBuildFile; fileRef = EF27FB2D732C6753D9297599; };
  7C0D7F33809F6D69D2AAEBF7 = { isa = PBXFileReference; lastKnownFileType = "sourcecode.swift"; path = "Sources/RiseBakeCore/AccountPolicy.swift"; sourceTree = "<group>"; };
  68A4093964C58350B0F10A51 = { isa = PBXBuildFile; fileRef = 7C0D7F33809F6D69D2AAEBF7; };
  BF46099152DE4FA73D855D4F = { isa = PBXFileReference; lastKnownFileType = "sourcecode.swift"; path = "Sources/RiseBakeCore/Baking.swift"; sourceTree = "<group>"; };
  F0E9843D394703D1C59A4D27 = { isa = PBXBuildFile; fileRef = BF46099152DE4FA73D855D4F; };
  D4EE24D479C3DE9EF580DAA7 = { isa = PBXFileReference; lastKnownFileType = "sourcecode.swift"; path = "Sources/RiseBakeCore/Costing.swift"; sourceTree = "<group>"; };
  0E02EB6DB4CBB33696C2DF9C = { isa = PBXBuildFile; fileRef = D4EE24D479C3DE9EF580DAA7; };
  AB84139FAC0697FECC28AC5B = { isa = PBXFileReference; lastKnownFileType = "sourcecode.swift"; path = "Sources/RiseBakeCore/Membership.swift"; sourceTree = "<group>"; };
  1EDCDF2472DAA5292C76C988 = { isa = PBXBuildFile; fileRef = AB84139FAC0697FECC28AC5B; };
  D75848A0FBFE9394DF794197 = { isa = PBXFileReference; lastKnownFileType = "sourcecode.swift"; path = "Sources/RiseBakeCore/Models.swift"; sourceTree = "<group>"; };
  C0522B768BB08F1C6F2FD099 = { isa = PBXBuildFile; fileRef = D75848A0FBFE9394DF794197; };
  E15AAE187835ADA1E9A37F88 = { isa = PBXFileReference; lastKnownFileType = "sourcecode.swift"; path = "Sources/RiseBakeCore/Operations.swift"; sourceTree = "<group>"; };
  1B76DDF98CD13F1F7215DC6C = { isa = PBXBuildFile; fileRef = E15AAE187835ADA1E9A37F88; };
  DC9195BEF7ACD85BDD97E321 = { isa = PBXFileReference; lastKnownFileType = "sourcecode.swift"; path = "Sources/RiseBakeCore/Receipts.swift"; sourceTree = "<group>"; };
  EB9C2B22E70979F3A545E864 = { isa = PBXBuildFile; fileRef = DC9195BEF7ACD85BDD97E321; };
  B525FB2ED799C5B391D81D52 = { isa = PBXFileReference; lastKnownFileType = "folder.assetcatalog"; path = "RiseBake/Assets.xcassets"; sourceTree = "<group>"; };
  26E7E97ACC6063F6D7E3A854 = { isa = PBXBuildFile; fileRef = B525FB2ED799C5B391D81D52; };
  01002A25D6C86ACB0E6A7B20 = { isa = PBXFileReference; lastKnownFileType = "text.json"; path = "RiseBake/Resources/seed.json"; sourceTree = "<group>"; };
  A1A6C56B48BB79F76C546348 = { isa = PBXBuildFile; fileRef = 01002A25D6C86ACB0E6A7B20; };
  BADF51227277F676707443C2 = { isa = PBXFileReference; lastKnownFileType = "text.xml"; path = "RiseBake/PrivacyInfo.xcprivacy"; sourceTree = "<group>"; };
  B536FBF9489F49068E57351B = { isa = PBXBuildFile; fileRef = BADF51227277F676707443C2; };
  629F1EFF06F320942ECFAD6B = { isa = PBXFileReference; lastKnownFileType = "text.json"; path = "RiseBake/Resources/AuthConfig.json"; sourceTree = "<group>"; };
  169E012221F4AC3468E10F99 = { isa = PBXBuildFile; fileRef = 629F1EFF06F320942ECFAD6B; };
  F0049B2ACD086A42D8C870AB = { isa = PBXFileReference; lastKnownFileType = "text.json"; path = "RiseBake/Resources/MembershipConfig.json"; sourceTree = "<group>"; };
  3F0AD418649033193AF1C49F = { isa = PBXBuildFile; fileRef = F0049B2ACD086A42D8C870AB; };
  A8792157CB4F27FB949C035F = { isa = PBXFileReference; explicitFileType = wrapper.application; includeInIndex = 0; path = RiseBake.app; sourceTree = BUILT_PRODUCTS_DIR; };
  0A3E27B8CA818264D75C8D81 = { isa = PBXGroup; name = Products; children = ( A8792157CB4F27FB949C035F, 6BA62E3CF61E8FF4BB115ED8, ); sourceTree = "<group>"; };
  102CB33CCFE74F242909A37C = { isa = PBXFileReference; lastKnownFileType = sourcecode.swift; path = "UITests/RiseBakeUITests.swift"; sourceTree = "<group>"; };
  8D301E39CED846F1C6FA8BC7 = { isa = PBXFileReference; lastKnownFileType = text; path = "UITests/RiseBakePlans.storekit"; sourceTree = "<group>"; };
  64525B6FED9BE3F122D91EA3 = { isa = PBXBuildFile; fileRef = 8D301E39CED846F1C6FA8BC7; };
  9106DCABDB55119DA0286957 = { isa = PBXResourcesBuildPhase; buildActionMask = 2147483647; files = ( 64525B6FED9BE3F122D91EA3, ); runOnlyForDeploymentPostprocessing = 0; };
  0D6E4079E36703EBD37C0072 = { isa = PBXGroup; children = ( EA532EB2A8409538582D252C, F550119BEE54388CEC3BC3E1, E69EDF8E4ECDF476C428342A, 1AF4D8DFD4B92DB7BC265AB9, 86271FD103AA7659FE278BE9, 804428C2F808FA39DEFD12E8, 14F5716216959BA1D014FDA9, B72948ABC477D61A2389F11A, 9FF9074558FE94408600D84A, 2DD41CF2DECE3C40EA69A56E, 7787BB57C8B32EA9D3F60198, 4EDD1B583991B10FFE25672A, E5C9708A507664D7E084AE4B, 8B80E18B4D0E69344ECBF32B, 0404A2F41AD1FE28252ADCC7, EC962F55D5F4CFAB76E5C92D, 8F69D8A74209B00761BD248F, 90570443E246F9CFD7709A21, BD1B4D2D37E5F044C2B5DE1B, 273488014BEA496075E4B2FD, 8A3B27DF7919D39ECD206F27, 88B2C888C4820940809F1FB5, EF27FB2D732C6753D9297599, 7C0D7F33809F6D69D2AAEBF7, BF46099152DE4FA73D855D4F, D4EE24D479C3DE9EF580DAA7, AB84139FAC0697FECC28AC5B, D75848A0FBFE9394DF794197, E15AAE187835ADA1E9A37F88, DC9195BEF7ACD85BDD97E321, B525FB2ED799C5B391D81D52, 01002A25D6C86ACB0E6A7B20, BADF51227277F676707443C2, 629F1EFF06F320942ECFAD6B, F0049B2ACD086A42D8C870AB, 102CB33CCFE74F242909A37C, 8D301E39CED846F1C6FA8BC7, 0A3E27B8CA818264D75C8D81, ); sourceTree = "<group>"; };
  878A52FC5FF6A57D50B7B870 = { isa = PBXSourcesBuildPhase; buildActionMask = 2147483647; files = ( C099D538AA793777F9666BD6, F37BA9B3F0814A0B4FB43982, 326F6252858A4E5FF7C7DD91, 28728E39596B04ED5FD51F25, 6572B859AE26315230936056, 26A2780F0EE1978D3E983F40, DEAAA2C02626EE92DB2F397C, 94A7A10D3C2940624D75BF64, A1561864905C6909C9A6E774, 09D5304532BE046AE34A4E6C, 29592E99539F429E3C065E41, AB3F9ABF296A141ABBE8CFF3, 49186335F4FFE3CC0EBA673D, ADFF0A3089A19D2E04FCC8C4, 056C66F5AC2D264626C03C68, 863132AB9EEC7C7A862CC74D, 9E2CCA51F50164C9C1811D11, E568680452DA67337788699C, 76B5DBB641D6ABC124FCBB28, C6B4665D5D275A6D5A0C11C8, E4FEA495AACC42D77B76B09A, F694396B55EEFFEFC9EF5456, B541D74BD940B064BE9E0063, 68A4093964C58350B0F10A51, F0E9843D394703D1C59A4D27, 0E02EB6DB4CBB33696C2DF9C, 1EDCDF2472DAA5292C76C988, C0522B768BB08F1C6F2FD099, 1B76DDF98CD13F1F7215DC6C, EB9C2B22E70979F3A545E864, ); runOnlyForDeploymentPostprocessing = 0; };
  41D311A605520FC7B8B9A980 = { isa = PBXResourcesBuildPhase; buildActionMask = 2147483647; files = ( 26E7E97ACC6063F6D7E3A854, A1A6C56B48BB79F76C546348, B536FBF9489F49068E57351B, 169E012221F4AC3468E10F99, 3F0AD418649033193AF1C49F, ); runOnlyForDeploymentPostprocessing = 0; };
  EA8E68B105CF405BC5E26C5B = { isa = XCRemoteSwiftPackageReference; repositoryURL = "https://github.com/supabase/supabase-swift.git"; requirement = { kind = exactVersion; version = 2.55.2; }; };
  38A2E95EAE84595025B53540 = { isa = XCSwiftPackageProductDependency; package = EA8E68B105CF405BC5E26C5B; productName = Auth; };
  5B70A14734907CEBFD917D8E = { isa = PBXBuildFile; productRef = 38A2E95EAE84595025B53540; };
  E2AA269EB967A8853A258BFA = { isa = PBXFrameworksBuildPhase; buildActionMask = 2147483647; files = ( 5B70A14734907CEBFD917D8E, ); runOnlyForDeploymentPostprocessing = 0; };
  3CB48F56C437BD7F99631197 = { isa = XCBuildConfiguration; buildSettings = { ALWAYS_SEARCH_USER_PATHS = "NO"; CLANG_ENABLE_MODULES = "YES"; CLANG_ENABLE_OBJC_ARC = "YES"; IPHONEOS_DEPLOYMENT_TARGET = "17.0"; SDKROOT = "iphoneos"; SWIFT_VERSION = "5.0"; DEBUG_INFORMATION_FORMAT = "dwarf"; SWIFT_OPTIMIZATION_LEVEL = "-Onone"; ENABLE_TESTABILITY = "YES"; SWIFT_ACTIVE_COMPILATION_CONDITIONS = "DEBUG"; }; name = Debug; };
  1B7823E5136B72FDC6BD7000 = { isa = XCBuildConfiguration; buildSettings = { ASSETCATALOG_COMPILER_APPICON_NAME = "AppIcon"; ASSETCATALOG_COMPILER_GLOBAL_ACCENT_COLOR_NAME = "AccentColor"; CODE_SIGN_STYLE = "Automatic"; CURRENT_PROJECT_VERSION = "26"; MARKETING_VERSION = "2.4"; INFOPLIST_FILE = "RiseBake/Info.plist"; GENERATE_INFOPLIST_FILE = "YES"; INFOPLIST_KEY_CFBundleDisplayName = "Rise & Bake"; INFOPLIST_KEY_LSApplicationCategoryType = "public.app-category.business"; INFOPLIST_KEY_UIApplicationSceneManifest_Generation = "YES"; INFOPLIST_KEY_UILaunchScreen_Generation = "YES"; INFOPLIST_KEY_UIApplicationSupportsIndirectInputEvents = "YES"; INFOPLIST_KEY_UISupportedInterfaceOrientations_iPhone = "UIInterfaceOrientationPortrait UIInterfaceOrientationLandscapeLeft UIInterfaceOrientationLandscapeRight"; INFOPLIST_KEY_UISupportedInterfaceOrientations_iPad = "UIInterfaceOrientationPortrait UIInterfaceOrientationPortraitUpsideDown UIInterfaceOrientationLandscapeLeft UIInterfaceOrientationLandscapeRight"; PRODUCT_BUNDLE_IDENTIFIER = "com.risebake.preview"; PRODUCT_NAME = "$(TARGET_NAME)"; SUPPORTED_PLATFORMS = "iphoneos iphonesimulator"; SUPPORTS_MACCATALYST = "NO"; TARGETED_DEVICE_FAMILY = "1,2"; LD_RUNPATH_SEARCH_PATHS = "$(inherited) @executable_path/Frameworks"; }; name = Debug; };
  D8CF398BC3E96766CF913C7C = { isa = XCBuildConfiguration; buildSettings = { ALWAYS_SEARCH_USER_PATHS = "NO"; CLANG_ENABLE_MODULES = "YES"; CLANG_ENABLE_OBJC_ARC = "YES"; IPHONEOS_DEPLOYMENT_TARGET = "17.0"; SDKROOT = "iphoneos"; SWIFT_VERSION = "5.0"; DEBUG_INFORMATION_FORMAT = "dwarf-with-dsym"; SWIFT_OPTIMIZATION_LEVEL = "-O"; ENABLE_TESTABILITY = "NO"; SWIFT_ACTIVE_COMPILATION_CONDITIONS = ""; }; name = Release; };
  A685721D0EF776EA4456D0AE = { isa = XCBuildConfiguration; buildSettings = { ASSETCATALOG_COMPILER_APPICON_NAME = "AppIcon"; ASSETCATALOG_COMPILER_GLOBAL_ACCENT_COLOR_NAME = "AccentColor"; CODE_SIGN_STYLE = "Automatic"; CURRENT_PROJECT_VERSION = "26"; MARKETING_VERSION = "2.4"; INFOPLIST_FILE = "RiseBake/Info.plist"; GENERATE_INFOPLIST_FILE = "YES"; INFOPLIST_KEY_CFBundleDisplayName = "Rise & Bake"; INFOPLIST_KEY_LSApplicationCategoryType = "public.app-category.business"; INFOPLIST_KEY_UIApplicationSceneManifest_Generation = "YES"; INFOPLIST_KEY_UILaunchScreen_Generation = "YES"; INFOPLIST_KEY_UIApplicationSupportsIndirectInputEvents = "YES"; INFOPLIST_KEY_UISupportedInterfaceOrientations_iPhone = "UIInterfaceOrientationPortrait UIInterfaceOrientationLandscapeLeft UIInterfaceOrientationLandscapeRight"; INFOPLIST_KEY_UISupportedInterfaceOrientations_iPad = "UIInterfaceOrientationPortrait UIInterfaceOrientationPortraitUpsideDown UIInterfaceOrientationLandscapeLeft UIInterfaceOrientationLandscapeRight"; PRODUCT_BUNDLE_IDENTIFIER = "com.risebake.preview"; PRODUCT_NAME = "$(TARGET_NAME)"; SUPPORTED_PLATFORMS = "iphoneos iphonesimulator"; SUPPORTS_MACCATALYST = "NO"; TARGETED_DEVICE_FAMILY = "1,2"; LD_RUNPATH_SEARCH_PATHS = "$(inherited) @executable_path/Frameworks"; }; name = Release; };
  84556665A75F591C69928D6A = { isa = XCConfigurationList; buildConfigurations = ( 3CB48F56C437BD7F99631197, D8CF398BC3E96766CF913C7C, ); defaultConfigurationIsVisible = 0; defaultConfigurationName = Release; };
  9DAF09C8CA7A89822AF071D2 = { isa = XCConfigurationList; buildConfigurations = ( 1B7823E5136B72FDC6BD7000, A685721D0EF776EA4456D0AE, ); defaultConfigurationIsVisible = 0; defaultConfigurationName = Release; };
  34A04005BCAF206EEC990BD9 = { isa = PBXNativeTarget; buildConfigurationList = 9DAF09C8CA7A89822AF071D2; buildPhases = ( 878A52FC5FF6A57D50B7B870, E2AA269EB967A8853A258BFA, 41D311A605520FC7B8B9A980, ); buildRules = (); dependencies = (); packageProductDependencies = ( 38A2E95EAE84595025B53540, ); name = RiseBake; productName = RiseBake; productReference = A8792157CB4F27FB949C035F; productType = "com.apple.product-type.application"; };
  237670DA0130B45C6D854744 = { isa = PBXBuildFile; fileRef = 102CB33CCFE74F242909A37C; };
  47CE69D432E04CB4FA8A7324 = { isa = PBXSourcesBuildPhase; buildActionMask = 2147483647; files = ( 237670DA0130B45C6D854744, ); runOnlyForDeploymentPostprocessing = 0; };
  6BA62E3CF61E8FF4BB115ED8 = { isa = PBXFileReference; explicitFileType = wrapper.cfbundle; includeInIndex = 0; path = RiseBakeUITests.xctest; sourceTree = BUILT_PRODUCTS_DIR; };
  595393D784836A667674315B = { isa = XCBuildConfiguration; buildSettings = { CODE_SIGN_STYLE = "Automatic"; GENERATE_INFOPLIST_FILE = "YES"; PRODUCT_BUNDLE_IDENTIFIER = "com.risebake.uitests"; PRODUCT_NAME = "$(TARGET_NAME)"; TEST_TARGET_NAME = "RiseBake"; TARGETED_DEVICE_FAMILY = "1,2"; }; name = Debug; };
  72D01117F9560CF62E792058 = { isa = XCBuildConfiguration; buildSettings = { CODE_SIGN_STYLE = "Automatic"; GENERATE_INFOPLIST_FILE = "YES"; PRODUCT_BUNDLE_IDENTIFIER = "com.risebake.uitests"; PRODUCT_NAME = "$(TARGET_NAME)"; TEST_TARGET_NAME = "RiseBake"; TARGETED_DEVICE_FAMILY = "1,2"; }; name = Release; };
  692DB81F2AAE7B7768E8614C = { isa = XCConfigurationList; buildConfigurations = ( 595393D784836A667674315B, 72D01117F9560CF62E792058, ); defaultConfigurationIsVisible = 0; defaultConfigurationName = Release; };
  36D01909EC5682B54FA69D1E = { isa = PBXContainerItemProxy; containerPortal = 244210E48437B6556980A702; proxyType = 1; remoteGlobalIDString = 34A04005BCAF206EEC990BD9; remoteInfo = RiseBake; };
  E93CD1B61BE68731C44F3E18 = { isa = PBXTargetDependency; target = 34A04005BCAF206EEC990BD9; targetProxy = 36D01909EC5682B54FA69D1E; };
  7DFF4159D29BE2155F6C34B5 = { isa = PBXNativeTarget; buildConfigurationList = 692DB81F2AAE7B7768E8614C; buildPhases = ( 47CE69D432E04CB4FA8A7324, 9106DCABDB55119DA0286957, ); buildRules = (); dependencies = ( E93CD1B61BE68731C44F3E18, ); name = RiseBakeUITests; productName = RiseBakeUITests; productReference = 6BA62E3CF61E8FF4BB115ED8; productType = "com.apple.product-type.bundle.ui-testing"; };
  244210E48437B6556980A702 = { isa = PBXProject; attributes = { BuildIndependentTargetsInParallel = YES; LastUpgradeCheck = 1640; TargetAttributes = { 34A04005BCAF206EEC990BD9 = { CreatedOnToolsVersion = 16.4; }; }; }; buildConfigurationList = 84556665A75F591C69928D6A; compatibilityVersion = "Xcode 14.0"; developmentRegion = en; hasScannedForEncodings = 0; knownRegions = (en, Base); mainGroup = 0D6E4079E36703EBD37C0072; productRefGroup = 0A3E27B8CA818264D75C8D81; packageReferences = ( EA8E68B105CF405BC5E26C5B, ); projectDirPath = ""; projectRoot = ""; targets = ( 34A04005BCAF206EEC990BD9, 7DFF4159D29BE2155F6C34B5, ); };
 };
 rootObject = 244210E48437B6556980A702;
}
